Microsoft Visual Studio Solution File, Format Version 11.00
# Visual Studio 2008

Project("{E22069D8-D343-686C-A380-279EA1C75AE3}") = "Time Scale", "Assembly-CSharp-firstpass.csproj", "{DA600DC7-6A03-9180-C96F-AFAF69B56D90}"
EndProject
Project("{E22069D8-D343-686C-A380-279EA1C75AE3}") = "Time Scale", "Assembly-CSharp.csproj", "{88F41BB4-3D8B-5ADE-4F55-979FF2BE5B27}"
EndProject
Project("{E22069D8-D343-686C-A380-279EA1C75AE3}") = "Time Scale", "Assembly-CSharp-Editor.csproj", "{E3E2A8EB-6293-1541-0556-0876752CCC40}"
EndProject
Global
	GlobalSection(SolutionConfigurationPlatforms) = preSolution
		Debug|Any CPU = Debug|Any CPU
		Release|Any CPU = Release|Any CPU
	EndGlobalSection
	GlobalSection(ProjectConfigurationPlatforms) = postSolution
		{DA600DC7-6A03-9180-C96F-AFAF69B56D90}.Debug|Any CPU.ActiveCfg = Debug|Any CPU
		{DA600DC7-6A03-9180-C96F-AFAF69B56D90}.Debug|Any CPU.Build.0 = Debug|Any CPU
		{DA600DC7-6A03-9180-C96F-AFAF69B56D90}.Release|Any CPU.ActiveCfg = Release|Any CPU
		{DA600DC7-6A03-9180-C96F-AFAF69B56D90}.Release|Any CPU.Build.0 = Release|Any CPU
		{88F41BB4-3D8B-5ADE-4F55-979FF2BE5B27}.Debug|Any CPU.ActiveCfg = Debug|Any CPU
		{88F41BB4-3D8B-5ADE-4F55-979FF2BE5B27}.Debug|Any CPU.Build.0 = Debug|Any CPU
		{88F41BB4-3D8B-5ADE-4F55-979FF2BE5B27}.Release|Any CPU.ActiveCfg = Release|Any CPU
		{88F41BB4-3D8B-5ADE-4F55-979FF2BE5B27}.Release|Any CPU.Build.0 = Release|Any CPU
		{E3E2A8EB-6293-1541-0556-0876752CCC40}.Debug|Any CPU.ActiveCfg = Debug|Any CPU
		{E3E2A8EB-6293-1541-0556-0876752CCC40}.Debug|Any CPU.Build.0 = Debug|Any CPU
		{E3E2A8EB-6293-1541-0556-0876752CCC40}.Release|Any CPU.ActiveCfg = Release|Any CPU
		{E3E2A8EB-6293-1541-0556-0876752CCC40}.Release|Any CPU.Build.0 = Release|Any CPU
	EndGlobalSection
	GlobalSection(SolutionProperties) = preSolution
		HideSolutionNode = FALSE
	EndGlobalSection
	GlobalSection(MonoDevelopProperties) = preSolution
		StartupItem = Assembly-CSharp.csproj
	EndGlobalSection
EndGlobal
